
Microsoft Visual Studio Solution File, Format Version 12.00
# Visual Studio 2013
VisualStudioVersion = 12.0.21005.1
MinimumVisualStudioVersion = 10.0.40219.1
Project("{FAE04EC0-301F-11D3-BF4B-00C04F79EFBC}") = "Model", "Model\Model.csproj", "{260792BC-40A0-48BF-B430-DF4635A4CBFA}"
EndProject
Project("{FAE04EC0-301F-11D3-BF4B-00C04F79EFBC}") = "IDAL", "IDAL\IDAL.csproj", "{ED8307AE-F2B6-47C9-8EA4-EF585EA35A22}"
EndProject
Project("{FAE04EC0-301F-11D3-BF4B-00C04F79EFBC}") = "DAL", "DAL\DAL.csproj", "{EDE4FF1F-3819-4356-9666-6702676E31EF}"
EndProject
Project("{FAE04EC0-301F-11D3-BF4B-00C04F79EFBC}") = "IBLL", "IBLL\IBLL.csproj", "{CF066BB5-1846-4D90-A462-BDF13BB1D467}"
EndProject
Project("{FAE04EC0-301F-11D3-BF4B-00C04F79EFBC}") = "BLL", "BLL\BLL.csproj", "{021A931B-B2CB-44CA-A476-05EF984D5C7E}"
EndProject
Project("{FAE04EC0-301F-11D3-BF4B-00C04F79EFBC}") = "Infrastructure", "Infrastructure\Infrastructure.csproj", "{E698E8B9-4FA8-44C3-B419-855AC8C34BFF}"
EndProject
Project("{FAE04EC0-301F-11D3-BF4B-00C04F79EFBC}") = "Web", "Web\Web.csproj", "{00DF2D0D-5274-4710-B220-2E8334A3E69B}"
EndProject
Project("{FAE04EC0-301F-11D3-BF4B-00C04F79EFBC}") = "ViewModel", "ViewModel\ViewModel.csproj", "{071539CF-58BE-4FDB-9F31-CF5115C471F2}"
EndProject
Global
	GlobalSection(SolutionConfigurationPlatforms) = preSolution
		Debug|Any CPU = Debug|Any CPU
		Release|Any CPU = Release|Any CPU
	EndGlobalSection
	GlobalSection(ProjectConfigurationPlatforms) = postSolution
		{260792BC-40A0-48BF-B430-DF4635A4CBFA}.Debug|Any CPU.ActiveCfg = Debug|Any CPU
		{260792BC-40A0-48BF-B430-DF4635A4CBFA}.Debug|Any CPU.Build.0 = Debug|Any CPU
		{260792BC-40A0-48BF-B430-DF4635A4CBFA}.Release|Any CPU.ActiveCfg = Release|Any CPU
		{260792BC-40A0-48BF-B430-DF4635A4CBFA}.Release|Any CPU.Build.0 = Release|Any CPU
		{ED8307AE-F2B6-47C9-8EA4-EF585EA35A22}.Debug|Any CPU.ActiveCfg = Debug|Any CPU
		{ED8307AE-F2B6-47C9-8EA4-EF585EA35A22}.Debug|Any CPU.Build.0 = Debug|Any CPU
		{ED8307AE-F2B6-47C9-8EA4-EF585EA35A22}.Release|Any CPU.ActiveCfg = Release|Any CPU
		{ED8307AE-F2B6-47C9-8EA4-EF585EA35A22}.Release|Any CPU.Build.0 = Release|Any CPU
		{EDE4FF1F-3819-4356-9666-6702676E31EF}.Debug|Any CPU.ActiveCfg = Debug|Any CPU
		{EDE4FF1F-3819-4356-9666-6702676E31EF}.Debug|Any CPU.Build.0 = Debug|Any CPU
		{EDE4FF1F-3819-4356-9666-6702676E31EF}.Release|Any CPU.ActiveCfg = Release|Any CPU
		{EDE4FF1F-3819-4356-9666-6702676E31EF}.Release|Any CPU.Build.0 = Release|Any CPU
		{CF066BB5-1846-4D90-A462-BDF13BB1D467}.Debug|Any CPU.ActiveCfg = Debug|Any CPU
		{CF066BB5-1846-4D90-A462-BDF13BB1D467}.Debug|Any CPU.Build.0 = Debug|Any CPU
		{CF066BB5-1846-4D90-A462-BDF13BB1D467}.Release|Any CPU.ActiveCfg = Release|Any CPU
		{CF066BB5-1846-4D90-A462-BDF13BB1D467}.Release|Any CPU.Build.0 = Release|Any CPU
		{021A931B-B2CB-44CA-A476-05EF984D5C7E}.Debug|Any CPU.ActiveCfg = Debug|Any CPU
		{021A931B-B2CB-44CA-A476-05EF984D5C7E}.Debug|Any CPU.Build.0 = Debug|Any CPU
		{021A931B-B2CB-44CA-A476-05EF984D5C7E}.Release|Any CPU.ActiveCfg = Release|Any CPU
		{021A931B-B2CB-44CA-A476-05EF984D5C7E}.Release|Any CPU.Build.0 = Release|Any CPU
		{E698E8B9-4FA8-44C3-B419-855AC8C34BFF}.Debug|Any CPU.ActiveCfg = Debug|Any CPU
		{E698E8B9-4FA8-44C3-B419-855AC8C34BFF}.Debug|Any CPU.Build.0 = Debug|Any CPU
		{E698E8B9-4FA8-44C3-B419-855AC8C34BFF}.Release|Any CPU.ActiveCfg = Release|Any CPU
		{E698E8B9-4FA8-44C3-B419-855AC8C34BFF}.Release|Any CPU.Build.0 = Release|Any CPU
		{00DF2D0D-5274-4710-B220-2E8334A3E69B}.Debug|Any CPU.ActiveCfg = Debug|Any CPU
		{00DF2D0D-5274-4710-B220-2E8334A3E69B}.Debug|Any CPU.Build.0 = Debug|Any CPU
		{00DF2D0D-5274-4710-B220-2E8334A3E69B}.Release|Any CPU.ActiveCfg = Release|Any CPU
		{00DF2D0D-5274-4710-B220-2E8334A3E69B}.Release|Any CPU.Build.0 = Release|Any CPU
		{071539CF-58BE-4FDB-9F31-CF5115C471F2}.Debug|Any CPU.ActiveCfg = Debug|Any CPU
		{071539CF-58BE-4FDB-9F31-CF5115C471F2}.Debug|Any CPU.Build.0 = Debug|Any CPU
		{071539CF-58BE-4FDB-9F31-CF5115C471F2}.Release|Any CPU.ActiveCfg = Release|Any CPU
		{071539CF-58BE-4FDB-9F31-CF5115C471F2}.Release|Any CPU.Build.0 = Release|Any CPU
	EndGlobalSection
	GlobalSection(SolutionProperties) = preSolution
		HideSolutionNode = FALSE
	EndGlobalSection
EndGlobal
